
Microsoft Visual Studio Solution File, Format Version 12.00
# Visual Studio Version 17
VisualStudioVersion = 17.7.34024.191
MinimumVisualStudioVersion = 10.0.40219.1
Project("{FAE04EC0-301F-11D3-BF4B-00C04F79EFBC}") = "Synth", "Synth\Synth.csproj", "{7A8EF4AC-C73A-4259-BA68-8AA464E10688}"
EndProject
Global
	GlobalSection(SolutionConfigurationPlatforms) = preSolution
		Debug|Any CPU = Debug|Any CPU
		Release|Any CPU = Release|Any CPU
	EndGlobalSection
	GlobalSection(ProjectConfigurationPlatforms) = postSolution
		{7A8EF4AC-C73A-4259-BA68-8AA464E10688}.Debug|Any CPU.ActiveCfg = Debug|Any CPU
		{7A8EF4AC-C73A-4259-BA68-8AA464E10688}.Debug|Any CPU.Build.0 = Debug|Any CPU
		{7A8EF4AC-C73A-4259-BA68-8AA464E10688}.Release|Any CPU.ActiveCfg = Release|Any CPU
		{7A8EF4AC-C73A-4259-BA68-8AA464E10688}.Release|Any CPU.Build.0 = Release|Any CPU
	EndGlobalSection
	GlobalSection(SolutionProperties) = preSolution
		HideSolutionNode = FALSE
	EndGlobalSection
	GlobalSection(ExtensibilityGlobals) = postSolution
		SolutionGuid = {DFC358F4-C9AF-4B30-B61D-43554317D928}
	EndGlobalSection
EndGlobal
